
Microsoft Visual Studio Solution File, Format Version 12.00
# Visual Studio Version 16
VisualStudioVersion = 16.0.29519.87
MinimumVisualStudioVersion = 10.0.40219.1
Project("{FAE04EC0-301F-11D3-BF4B-00C04F79EFBC}") = "IPCameraViewer", "IPCameraViewer.csproj", "{72D579B0-0849-4499-9E69-2ECCE874BADB}"
EndProject
Global
	GlobalSection(SolutionConfigurationPlatforms) = preSolution
		Debug|Any CPU = Debug|Any CPU
		Release|Any CPU = Release|Any CPU
	EndGlobalSection
	GlobalSection(ProjectConfigurationPlatforms) = postSolution
		{72D579B0-0849-4499-9E69-2ECCE874BADB}.Debug|Any CPU.ActiveCfg = Debug|Any CPU
		{72D579B0-0849-4499-9E69-2ECCE874BADB}.Debug|Any CPU.Build.0 = Debug|Any CPU
		{72D579B0-0849-4499-9E69-2ECCE874BADB}.Release|Any CPU.ActiveCfg = Release|Any CPU
		{72D579B0-0849-4499-9E69-2ECCE874BADB}.Release|Any CPU.Build.0 = Release|Any CPU
	EndGlobalSection
	GlobalSection(SolutionProperties) = preSolution
		HideSolutionNode = FALSE
	EndGlobalSection
	GlobalSection(ExtensibilityGlobals) = postSolution
		SolutionGuid = {8BC449B4-0006-4A88-A4AC-554C258FA811}
	EndGlobalSection
EndGlobal
